
Microsoft Visual Studio Solution File, Format Version 12.00
# Visual Studio Version 16
VisualStudioVersion = 16.0.31321.278
MinimumVisualStudioVersion = 10.0.40219.1
Project("{FAE04EC0-301F-11D3-BF4B-00C04F79EFBC}") = "Asansor_Uygulamasi", "Asansor_Uygulamasi\Asansor_Uygulamasi.csproj", "{2977A9C2-AE71-4681-BFA5-48EBAA662586}"
EndProject
Global
	GlobalSection(SolutionConfigurationPlatforms) = preSolution
		Debug|Any CPU = Debug|Any CPU
		Release|Any CPU = Release|Any CPU
	EndGlobalSection
	GlobalSection(ProjectConfigurationPlatforms) = postSolution
		{2977A9C2-AE71-4681-BFA5-48EBAA662586}.Debug|Any CPU.ActiveCfg = Debug|Any CPU
		{2977A9C2-AE71-4681-BFA5-48EBAA662586}.Debug|Any CPU.Build.0 = Debug|Any CPU
		{2977A9C2-AE71-4681-BFA5-48EBAA662586}.Release|Any CPU.ActiveCfg = Release|Any CPU
		{2977A9C2-AE71-4681-BFA5-48EBAA662586}.Release|Any CPU.Build.0 = Release|Any CPU
	EndGlobalSection
	GlobalSection(SolutionProperties) = preSolution
		HideSolutionNode = FALSE
	EndGlobalSection
	GlobalSection(ExtensibilityGlobals) = postSolution
		SolutionGuid = {714F2A67-874B-4D48-B4AE-45F13641073A}
	EndGlobalSection
EndGlobal
